
Microsoft Visual Studio Solution File, Format Version 12.00
# Visual Studio Version 16
VisualStudioVersion = 16.0.30611.23
MinimumVisualStudioVersion = 10.0.40219.1
Project("{2150E333-8FDC-42A3-9474-1A3956D46DE8}") = "src", "src", "{25A463F8-8DCE-452D-B7D3-D3F397872588}"
EndProject
Project("{2150E333-8FDC-42A3-9474-1A3956D46DE8}") = "Building Block", "Building Block", "{FBD4FBED-9240-4D62-A893-C3523397C1CE}"
EndProject
Project("{2150E333-8FDC-42A3-9474-1A3956D46DE8}") = "Services", "Services", "{83F2B79F-CDCD-41C0-BF6F-F4928813C551}"
EndProject
Project("{2150E333-8FDC-42A3-9474-1A3956D46DE8}") = "Web", "Web", "{545D5A00-0C5A-4306-8C09-593C36FDC024}"
EndProject
Project("{2150E333-8FDC-42A3-9474-1A3956D46DE8}") = "Identity", "Identity", "{A9802588-D5EC-4370-B957-4DF308C7859F}"
EndProject
Project("{FAE04EC0-301F-11D3-BF4B-00C04F79EFBC}") = "NSE.Identity.API", "src\services\NSE.Identity.API\NSE.Identity.API.csproj", "{BCB7BC29-CBB3-4810-849A-23CA839C957A}"
EndProject
Project("{2150E333-8FDC-42A3-9474-1A3956D46DE8}") = "MVC", "MVC", "{3526C596-AA83-4FC9-93FB-908E4B32E91D}"
EndProject
Project("{FAE04EC0-301F-11D3-BF4B-00C04F79EFBC}") = "NSE.WebApp.MVC", "src\web\NSE.WebApp.MVC\NSE.WebApp.MVC.csproj", "{A08070BA-01A0-40C7-8924-EC83B181E384}"
EndProject
Project("{2150E333-8FDC-42A3-9474-1A3956D46DE8}") = "Core", "Core", "{022628E6-9797-4CD0-9A4A-87BF3F68FEEC}"
EndProject
Project("{FAE04EC0-301F-11D3-BF4B-00C04F79EFBC}") = "NSE.Core", "src\building blocks\NSE.Core\NSE.Core.csproj", "{A4B7BB4A-5497-470A-B272-C098D4E5E8FF}"
EndProject
Project("{2150E333-8FDC-42A3-9474-1A3956D46DE8}") = "Order", "Order", "{13199A84-723F-44B9-9DA3-A8AAA349E07C}"
EndProject
Project("{2150E333-8FDC-42A3-9474-1A3956D46DE8}") = "Payment", "Payment", "{7329CA1C-E1E6-44E3-ABB8-10D416933CE3}"
EndProject
Project("{2150E333-8FDC-42A3-9474-1A3956D46DE8}") = "Catalog", "Catalog", "{101153B1-0C37-4F83-86A5-255CE8F2E356}"
EndProject
Project("{2150E333-8FDC-42A3-9474-1A3956D46DE8}") = "Cart", "Cart", "{B38506F9-2D5B-4E3C-9D1F-6BC43767AD16}"
EndProject
Project("{2150E333-8FDC-42A3-9474-1A3956D46DE8}") = "Customer", "Customer", "{524C5376-5E47-4220-80D4-C6810BF9F6B6}"
EndProject
Project("{FAE04EC0-301F-11D3-BF4B-00C04F79EFBC}") = "NSE.Cart.API", "src\services\NSE.Cart.API\NSE.Cart.API.csproj", "{5D0D4359-B0C8-4CF3-9633-DDA26ED91AB4}"
EndProject
Project("{FAE04EC0-301F-11D3-BF4B-00C04F79EFBC}") = "NSE.Catalog.API", "src\services\NSE.Catalog.API\NSE.Catalog.API.csproj", "{F7E7042D-402B-4117-83CD-DF97941F5860}"
EndProject
Project("{FAE04EC0-301F-11D3-BF4B-00C04F79EFBC}") = "NSE.Customer.API", "src\services\NSE.Customer.API\NSE.Customer.API.csproj", "{8E748BD5-932B-4182-91AF-30A0BD1C58B0}"
EndProject
Project("{FAE04EC0-301F-11D3-BF4B-00C04F79EFBC}") = "NSE.Order.API", "src\Services\NSE.Order.API\NSE.Order.API.csproj", "{D57684D1-4800-4839-8BAD-CD1E0A410358}"
EndProject
Project("{FAE04EC0-301F-11D3-BF4B-00C04F79EFBC}") = "NSE.Payment.API", "src\services\NSE.Payment.API\NSE.Payment.API.csproj", "{207ED477-5D53-420A-B442-E06D10E49102}"
EndProject
Global
	GlobalSection(SolutionConfigurationPlatforms) = preSolution
		Debug|Any CPU = Debug|Any CPU
		Release|Any CPU = Release|Any CPU
	EndGlobalSection
	GlobalSection(ProjectConfigurationPlatforms) = postSolution
		{BCB7BC29-CBB3-4810-849A-23CA839C957A}.Debug|Any CPU.ActiveCfg = Debug|Any CPU
		{BCB7BC29-CBB3-4810-849A-23CA839C957A}.Debug|Any CPU.Build.0 = Debug|Any CPU
		{BCB7BC29-CBB3-4810-849A-23CA839C957A}.Release|Any CPU.ActiveCfg = Release|Any CPU
		{BCB7BC29-CBB3-4810-849A-23CA839C957A}.Release|Any CPU.Build.0 = Release|Any CPU
		{A08070BA-01A0-40C7-8924-EC83B181E384}.Debug|Any CPU.ActiveCfg = Debug|Any CPU
		{A08070BA-01A0-40C7-8924-EC83B181E384}.Debug|Any CPU.Build.0 = Debug|Any CPU
		{A08070BA-01A0-40C7-8924-EC83B181E384}.Release|Any CPU.ActiveCfg = Release|Any CPU
		{A08070BA-01A0-40C7-8924-EC83B181E384}.Release|Any CPU.Build.0 = Release|Any CPU
		{A4B7BB4A-5497-470A-B272-C098D4E5E8FF}.Debug|Any CPU.ActiveCfg = Debug|Any CPU
		{A4B7BB4A-5497-470A-B272-C098D4E5E8FF}.Debug|Any CPU.Build.0 = Debug|Any CPU
		{A4B7BB4A-5497-470A-B272-C098D4E5E8FF}.Release|Any CPU.ActiveCfg = Release|Any CPU
		{A4B7BB4A-5497-470A-B272-C098D4E5E8FF}.Release|Any CPU.Build.0 = Release|Any CPU
		{5D0D4359-B0C8-4CF3-9633-DDA26ED91AB4}.Debug|Any CPU.ActiveCfg = Debug|Any CPU
		{5D0D4359-B0C8-4CF3-9633-DDA26ED91AB4}.Debug|Any CPU.Build.0 = Debug|Any CPU
		{5D0D4359-B0C8-4CF3-9633-DDA26ED91AB4}.Release|Any CPU.ActiveCfg = Release|Any CPU
		{5D0D4359-B0C8-4CF3-9633-DDA26ED91AB4}.Release|Any CPU.Build.0 = Release|Any CPU
		{F7E7042D-402B-4117-83CD-DF97941F5860}.Debug|Any CPU.ActiveCfg = Debug|Any CPU
		{F7E7042D-402B-4117-83CD-DF97941F5860}.Debug|Any CPU.Build.0 = Debug|Any CPU
		{F7E7042D-402B-4117-83CD-DF97941F5860}.Release|Any CPU.ActiveCfg = Release|Any CPU
		{F7E7042D-402B-4117-83CD-DF97941F5860}.Release|Any CPU.Build.0 = Release|Any CPU
		{8E748BD5-932B-4182-91AF-30A0BD1C58B0}.Debug|Any CPU.ActiveCfg = Debug|Any CPU
		{8E748BD5-932B-4182-91AF-30A0BD1C58B0}.Debug|Any CPU.Build.0 = Debug|Any CPU
		{8E748BD5-932B-4182-91AF-30A0BD1C58B0}.Release|Any CPU.ActiveCfg = Release|Any CPU
		{8E748BD5-932B-4182-91AF-30A0BD1C58B0}.Release|Any CPU.Build.0 = Release|Any CPU
		{D57684D1-4800-4839-8BAD-CD1E0A410358}.Debug|Any CPU.ActiveCfg = Debug|Any CPU
		{D57684D1-4800-4839-8BAD-CD1E0A410358}.Debug|Any CPU.Build.0 = Debug|Any CPU
		{D57684D1-4800-4839-8BAD-CD1E0A410358}.Release|Any CPU.ActiveCfg = Release|Any CPU
		{D57684D1-4800-4839-8BAD-CD1E0A410358}.Release|Any CPU.Build.0 = Release|Any CPU
		{207ED477-5D53-420A-B442-E06D10E49102}.Debug|Any CPU.ActiveCfg = Debug|Any CPU
		{207ED477-5D53-420A-B442-E06D10E49102}.Debug|Any CPU.Build.0 = Debug|Any CPU
		{207ED477-5D53-420A-B442-E06D10E49102}.Release|Any CPU.ActiveCfg = Release|Any CPU
		{207ED477-5D53-420A-B442-E06D10E49102}.Release|Any CPU.Build.0 = Release|Any CPU
	EndGlobalSection
	GlobalSection(SolutionProperties) = preSolution
		HideSolutionNode = FALSE
	EndGlobalSection
	GlobalSection(NestedProjects) = preSolution
		{FBD4FBED-9240-4D62-A893-C3523397C1CE} = {25A463F8-8DCE-452D-B7D3-D3F397872588}
		{83F2B79F-CDCD-41C0-BF6F-F4928813C551} = {25A463F8-8DCE-452D-B7D3-D3F397872588}
		{545D5A00-0C5A-4306-8C09-593C36FDC024} = {25A463F8-8DCE-452D-B7D3-D3F397872588}
		{A9802588-D5EC-4370-B957-4DF308C7859F} = {83F2B79F-CDCD-41C0-BF6F-F4928813C551}
		{BCB7BC29-CBB3-4810-849A-23CA839C957A} = {A9802588-D5EC-4370-B957-4DF308C7859F}
		{3526C596-AA83-4FC9-93FB-908E4B32E91D} = {545D5A00-0C5A-4306-8C09-593C36FDC024}
		{A08070BA-01A0-40C7-8924-EC83B181E384} = {3526C596-AA83-4FC9-93FB-908E4B32E91D}
		{022628E6-9797-4CD0-9A4A-87BF3F68FEEC} = {FBD4FBED-9240-4D62-A893-C3523397C1CE}
		{A4B7BB4A-5497-470A-B272-C098D4E5E8FF} = {022628E6-9797-4CD0-9A4A-87BF3F68FEEC}
		{13199A84-723F-44B9-9DA3-A8AAA349E07C} = {83F2B79F-CDCD-41C0-BF6F-F4928813C551}
		{7329CA1C-E1E6-44E3-ABB8-10D416933CE3} = {83F2B79F-CDCD-41C0-BF6F-F4928813C551}
		{101153B1-0C37-4F83-86A5-255CE8F2E356} = {83F2B79F-CDCD-41C0-BF6F-F4928813C551}
		{B38506F9-2D5B-4E3C-9D1F-6BC43767AD16} = {83F2B79F-CDCD-41C0-BF6F-F4928813C551}
		{524C5376-5E47-4220-80D4-C6810BF9F6B6} = {83F2B79F-CDCD-41C0-BF6F-F4928813C551}
		{5D0D4359-B0C8-4CF3-9633-DDA26ED91AB4} = {B38506F9-2D5B-4E3C-9D1F-6BC43767AD16}
		{F7E7042D-402B-4117-83CD-DF97941F5860} = {101153B1-0C37-4F83-86A5-255CE8F2E356}
		{8E748BD5-932B-4182-91AF-30A0BD1C58B0} = {524C5376-5E47-4220-80D4-C6810BF9F6B6}
		{D57684D1-4800-4839-8BAD-CD1E0A410358} = {13199A84-723F-44B9-9DA3-A8AAA349E07C}
		{207ED477-5D53-420A-B442-E06D10E49102} = {7329CA1C-E1E6-44E3-ABB8-10D416933CE3}
	EndGlobalSection
	GlobalSection(ExtensibilityGlobals) = postSolution
		SolutionGuid = {B79D064A-2198-471C-90B9-69E96EEF903F}
	EndGlobalSection
EndGlobal
